{"1.2.0",
[{<<"accept">>,{pkg,<<"accept">>,<<"0.3.7">>},2},
 {<<"brod">>,{pkg,<<"brod">>,<<"4.3.2">>},0},
 {<<"canal">>,
  {git,"https://github.com/valitydev/canal",
       {ref,"89faedce3b054bcca7cc31ca64d2ead8a9402305"}},
  1},
 {<<"cowboy">>,{pkg,<<"cowboy">>,<<"2.12.0">>},0},
 {<<"cowlib">>,{pkg,<<"cowlib">>,<<"2.13.0">>},1},
 {<<"crc32cer">>,{pkg,<<"crc32cer">>,<<"0.1.11">>},2},
 {<<"epg_connector">>,
  {git,"https://github.com/valitydev/epg_connector.git",
       {ref,"939a0d4ab3f7561a79b45381bbe13029d9263006"}},
  0},
 {<<"epgsql">>,
  {git,"https://github.com/epgsql/epgsql.git",
       {ref,"28e9f84c95065a51e92baeb37d2cf1687fc4b9ce"}},
  1},
 {<<"jsone">>,{pkg,<<"jsone">>,<<"1.8.0">>},2},
 {<<"jsx">>,{pkg,<<"jsx">>,<<"3.1.0">>},1},
 {<<"kafka_protocol">>,{pkg,<<"kafka_protocol">>,<<"4.1.10">>},1},
 {<<"mg_proto">>,
  {git,"https://github.com/valitydev/machinegun-proto.git",
       {ref,"cc2c27c30d30dc34c0c56fc7c7e96326d6bd6a14"}},
  0},
 {<<"prometheus">>,{pkg,<<"prometheus">>,<<"4.11.0">>},0},
 {<<"prometheus_cowboy">>,{pkg,<<"prometheus_cowboy">>,<<"0.1.9">>},0},
 {<<"prometheus_httpd">>,{pkg,<<"prometheus_httpd">>,<<"2.1.15">>},1},
 {<<"quantile_estimator">>,{pkg,<<"quantile_estimator">>,<<"0.2.1">>},1},
 {<<"ranch">>,{pkg,<<"ranch">>,<<"1.8.0">>},1},
 {<<"thrift">>,
  {git,"https://github.com/valitydev/thrift_erlang.git",
       {ref,"3a60e5dc5bbd709495024f26e100b041c3547fd9"}},
  0}]}.
[
{pkg_hash,[
 {<<"accept">>, <<"CD6E34A2D7E28CA38B2D3CB233734CA0C221EFBC1F171F91FEC5F162CC2D18DA">>},
 {<<"brod">>, <<"51F4DFF17ED43A806558EBD62CC88E7B35AED336D1BA1F3DE2D010F463D49736">>},
 {<<"cowboy">>, <<"F276D521A1FF88B2B9B4C54D0E753DA6C66DD7BE6C9FCA3D9418B561828A3731">>},
 {<<"cowlib">>, <<"DB8F7505D8332D98EF50A3EF34B34C1AFDDEC7506E4EE4DD4A3A266285D282CA">>},
 {<<"crc32cer">>, <<"B550DA6D615FEB72A882D15D020F8F7DEE72DFB2CB1BCDF3B1EE8DC2AFD68CFC">>},
 {<<"jsone">>, <<"347FF1FA700E182E1F9C5012FA6D737B12C854313B9AE6954CA75D3987D6C06D">>},
 {<<"jsx">>, <<"D12516BAA0BB23A59BB35DCCAF02A1BD08243FCBB9EFE24F2D9D056CCFF71268">>},
 {<<"kafka_protocol">>, <<"F917B6C90C8DF0DE2B40A87D6B9AE1CFCE7788E91A65818E90E40CF76111097A">>},
 {<<"prometheus">>, <<"B95F8DE8530F541BD95951E18E355A840003672E5EDA4788C5FA6183406BA29A">>},
 {<<"prometheus_cowboy">>, <<"D9D5B300516A61ED5AE31391F8EEEEB202230081D32A1813F2D78772B6F274E1">>},
 {<<"prometheus_httpd">>, <<"8F767D819A5D36275EAB9264AFF40D87279151646776069BF69FBDBBD562BD75">>},
 {<<"quantile_estimator">>, <<"EF50A361F11B5F26B5F16D0696E46A9E4661756492C981F7B2229EF42FF1CD15">>},
 {<<"ranch">>, <<"8C7A100A139FD57F17327B6413E4167AC559FBC04CA7448E9BE9057311597A1D">>}]},
{pkg_hash_ext,[
 {<<"accept">>, <<"CA69388943F5DAD2E7232A5478F16086E3C872F48E32B88B378E1885A59F5649">>},
 {<<"brod">>, <<"88584FDEBA746AA6729E2A1826416C10899954F68AF93659B3C2F38A2DCAA27C">>},
 {<<"cowboy">>, <<"8A7ABE6D183372CEB21CAA2709BEC928AB2B72E18A3911AA1771639BEF82651E">>},
 {<<"cowlib">>, <<"E1E1284DC3FC030A64B1AD0D8382AE7E99DA46C3246B815318A4B848873800A4">>},
 {<<"crc32cer">>, <<"A39B8F0B1990AC1BF06C3A247FC6A178B740CDFC33C3B53688DC7DD6B1855942">>},
 {<<"jsone">>, <<"08560B78624A12E0B5E7EC0271EC8CA38EF51F63D84D84843473E14D9B12618C">>},
 {<<"jsx">>, <<"0C5CC8FDC11B53CC25CF65AC6705AD39E54ECC56D1C22E4ADB8F5A53FB9427F3">>},
 {<<"kafka_protocol">>, <<"DF680A3706EAD8695F8B306897C0A33E8063C690DA9308DB87B462CFD7029D04">>},
 {<<"prometheus">>, <<"719862351AABF4DF7079B05DC085D2BBCBE3AC0AC3009E956671B1D5AB88247D">>},
 {<<"prometheus_cowboy">>, <<"5F71C039DEB9E9FF9DD6366BC74C907A463872B85286E619EFF0BDA15111695A">>},
 {<<"prometheus_httpd">>, <<"67736D000745184D5013C58A63E947821AB90CB9320BC2E6AE5D3061C6FFE039">>},
 {<<"quantile_estimator">>, <<"282A8A323CA2A845C9E6F787D166348F776C1D4A41EDE63046D72D422E3DA946">>},
 {<<"ranch">>, <<"49FBCFD3682FAB1F5D109351B61257676DA1A2FDBE295904176D5E521A2DDFE5">>}]}
].
